// !$*UTF8*$!
{
	archiveVersion = 1;
	classes = {
	};
	objectVersion = 56;
	objects = {

/* Begin PBXBuildFile section */
		CA088BD92A4A11C600A59D7C /* TaskItem.swift in Sources */ = {isa = PBXBuildFile; fileRef = CA088BD82A4A11C600A59D7C /* TaskItem.swift */; };
		CA088BDB2A4A127600A59D7C /* TaskStatus.swift in Sources */ = {isa = PBXBuildFile; fileRef = CA088BDA2A4A127600A59D7C /* TaskStatus.swift */; };
		CA2064BE2A484F44007BACF4 /* mtimelogApp.swift in Sources */ = {isa = PBXBuildFile; fileRef = CA2064BD2A484F44007BACF4 /* mtimelogApp.swift */; };
		CA2064C02A484F44007BACF4 /* ContentView.swift in Sources */ = {isa = PBXBuildFile; fileRef = CA2064BF2A484F44007BACF4 /* ContentView.swift */; };
		CA2064C22A484F45007BACF4 /* Assets.xcassets in Resources */ = {isa = PBXBuildFile; fileRef = CA2064C12A484F45007BACF4 /* Assets.xcassets */; };
		CA2064C52A484F45007BACF4 /* Preview Assets.xcassets in Resources */ = {isa = PBXBuildFile; fileRef = CA2064C42A484F45007BACF4 /* Preview Assets.xcassets */; };
		CA2064CF2A485357007BACF4 /* NavigationBar.swift in Sources */ = {isa = PBXBuildFile; fileRef = CA2064CE2A485357007BACF4 /* NavigationBar.swift */; };
		CA2064D32A485894007BACF4 /* MainTaskList.swift in Sources */ = {isa = PBXBuildFile; fileRef = CA2064D22A485894007BACF4 /* MainTaskList.swift */; };
		CA2064D52A4858B8007BACF4 /* TaskDetail.swift in Sources */ = {isa = PBXBuildFile; fileRef = CA2064D42A4858B8007BACF4 /* TaskDetail.swift */; };
		CA2064DA2A485D82007BACF4 /* Task.swift in Sources */ = {isa = PBXBuildFile; fileRef = CA2064D92A485D82007BACF4 /* Task.swift */; };
		CA51F2432AFCCD7B00863E02 /* FocusedValues.swift in Sources */ = {isa = PBXBuildFile; fileRef = CA51F2422AFCCD7B00863E02 /* FocusedValues.swift */; };
		CA51F2462AFCCE7F00863E02 /* AddWorkdayMenuBarButton.swift in Sources */ = {isa = PBXBuildFile; fileRef = CA51F2452AFCCE7F00863E02 /* AddWorkdayMenuBarButton.swift */; };
		CA51F2482AFCD16F00863E02 /* AddTaskMenuBarButton.swift in Sources */ = {isa = PBXBuildFile; fileRef = CA51F2472AFCD16F00863E02 /* AddTaskMenuBarButton.swift */; };
		CA51F24A2AFD0F1800863E02 /* ComboBox.swift in Sources */ = {isa = PBXBuildFile; fileRef = CA51F2492AFD0F1800863E02 /* ComboBox.swift */; };
		CA51F24C2AFD2C3600863E02 /* SuggestionProvider.swift in Sources */ = {isa = PBXBuildFile; fileRef = CA51F24B2AFD2C3600863E02 /* SuggestionProvider.swift */; };
		CA598E292AE965D2003DD173 /* SettingsWindow.swift in Sources */ = {isa = PBXBuildFile; fileRef = CA598E282AE965D2003DD173 /* SettingsWindow.swift */; };
		CA598E2E2AE96633003DD173 /* GeneralSettingsTab.swift in Sources */ = {isa = PBXBuildFile; fileRef = CA598E2D2AE96633003DD173 /* GeneralSettingsTab.swift */; };
		CA75B66D2AFB7E380014EE24 /* ExportSettingsTab.swift in Sources */ = {isa = PBXBuildFile; fileRef = CA75B66C2AFB7E380014EE24 /* ExportSettingsTab.swift */; };
		CA75B66F2AFB81930014EE24 /* AppDataExporter.swift in Sources */ = {isa = PBXBuildFile; fileRef = CA75B66E2AFB81930014EE24 /* AppDataExporter.swift */; };
		CA75B6712AFBBC8A0014EE24 /* ExportFile.swift in Sources */ = {isa = PBXBuildFile; fileRef = CA75B6702AFBBC890014EE24 /* ExportFile.swift */; };
		CA7E0E212A4B608D000073EB /* AddNewWorkdaySheet.swift in Sources */ = {isa = PBXBuildFile; fileRef = CA7E0E202A4B608D000073EB /* AddNewWorkdaySheet.swift */; };
		CAA1CE0D2AEBB87F00E975B6 /* ReportGenerator.swift in Sources */ = {isa = PBXBuildFile; fileRef = CAA1CE0C2AEBB87F00E975B6 /* ReportGenerator.swift */; };
		CABE83F12A58601D00B24DCC /* AddTaskPopover.swift in Sources */ = {isa = PBXBuildFile; fileRef = CABE83F02A58601D00B24DCC /* AddTaskPopover.swift */; };
		CABE83F32A58755600B24DCC /* TaskDetailMainInfo.swift in Sources */ = {isa = PBXBuildFile; fileRef = CABE83F22A58755600B24DCC /* TaskDetailMainInfo.swift */; };
		CADB248C2AEA51B40068DD6D /* EditTaskSheet.swift in Sources */ = {isa = PBXBuildFile; fileRef = CADB248B2AEA51B40068DD6D /* EditTaskSheet.swift */; };
		CADB248E2AEA54E90068DD6D /* DateOption.swift in Sources */ = {isa = PBXBuildFile; fileRef = CADB248D2AEA54E90068DD6D /* DateOption.swift */; };
		CAFD51AE2A4A080A004318EA /* Workday.swift in Sources */ = {isa = PBXBuildFile; fileRef = CAFD51AD2A4A080A004318EA /* Workday.swift */; };
/* End PBXBuildFile section */

/* Begin PBXFileReference section */
		CA088BD82A4A11C600A59D7C /* TaskItem.swift */ = {isa = PBXFileReference; lastKnownFileType = sourcecode.swift; path = TaskItem.swift; sourceTree = "<group>"; };
		CA088BDA2A4A127600A59D7C /* TaskStatus.swift */ = {isa = PBXFileReference; lastKnownFileType = sourcecode.swift; path = TaskStatus.swift; sourceTree = "<group>"; };
		CA2064BA2A484F44007BACF4 /* mtimelog.app */ = {isa = PBXFileReference; explicitFileType = wrapper.application; includeInIndex = 0; path = mtimelog.app; sourceTree = BUILT_PRODUCTS_DIR; };
		CA2064BD2A484F44007BACF4 /* mtimelogApp.swift */ = {isa = PBXFileReference; lastKnownFileType = sourcecode.swift; path = mtimelogApp.swift; sourceTree = "<group>"; };
		CA2064BF2A484F44007BACF4 /* ContentView.swift */ = {isa = PBXFileReference; lastKnownFileType = sourcecode.swift; path = ContentView.swift; sourceTree = "<group>"; };
		CA2064C12A484F45007BACF4 /* Assets.xcassets */ = {isa = PBXFileReference; lastKnownFileType = folder.assetcatalog; path = Assets.xcassets; sourceTree = "<group>"; };
		CA2064C42A484F45007BACF4 /* Preview Assets.xcassets */ = {isa = PBXFileReference; lastKnownFileType = folder.assetcatalog; path = "Preview Assets.xcassets"; sourceTree = "<group>"; };
		CA2064C62A484F45007BACF4 /* mtimelog.entitlements */ = {isa = PBXFileReference; lastKnownFileType = text.plist.entitlements; path = mtimelog.entitlements; sourceTree = "<group>"; };
		CA2064CE2A485357007BACF4 /* NavigationBar.swift */ = {isa = PBXFileReference; lastKnownFileType = sourcecode.swift; path = NavigationBar.swift; sourceTree = "<group>"; };
		CA2064D22A485894007BACF4 /* MainTaskList.swift */ = {isa = PBXFileReference; lastKnownFileType = sourcecode.swift; path = MainTaskList.swift; sourceTree = "<group>"; };
		CA2064D42A4858B8007BACF4 /* TaskDetail.swift */ = {isa = PBXFileReference; lastKnownFileType = sourcecode.swift; path = TaskDetail.swift; sourceTree = "<group>"; };
		CA2064D92A485D82007BACF4 /* Task.swift */ = {isa = PBXFileReference; lastKnownFileType = sourcecode.swift; path = Task.swift; sourceTree = "<group>"; };
		CA51F2422AFCCD7B00863E02 /* FocusedValues.swift */ = {isa = PBXFileReference; lastKnownFileType = sourcecode.swift; path = FocusedValues.swift; sourceTree = "<group>"; };
		CA51F2452AFCCE7F00863E02 /* AddWorkdayMenuBarButton.swift */ = {isa = PBXFileReference; lastKnownFileType = sourcecode.swift; path = AddWorkdayMenuBarButton.swift; sourceTree = "<group>"; };
		CA51F2472AFCD16F00863E02 /* AddTaskMenuBarButton.swift */ = {isa = PBXFileReference; lastKnownFileType = sourcecode.swift; path = AddTaskMenuBarButton.swift; sourceTree = "<group>"; };
		CA51F2492AFD0F1800863E02 /* ComboBox.swift */ = {isa = PBXFileReference; lastKnownFileType = sourcecode.swift; path = ComboBox.swift; sourceTree = "<group>"; };
		CA51F24B2AFD2C3600863E02 /* SuggestionProvider.swift */ = {isa = PBXFileReference; lastKnownFileType = sourcecode.swift; path = SuggestionProvider.swift; sourceTree = "<group>"; };
		CA598E282AE965D2003DD173 /* SettingsWindow.swift */ = {isa = PBXFileReference; lastKnownFileType = sourcecode.swift; path = SettingsWindow.swift; sourceTree = "<group>"; };
		CA598E2D2AE96633003DD173 /* GeneralSettingsTab.swift */ = {isa = PBXFileReference; lastKnownFileType = sourcecode.swift; path = GeneralSettingsTab.swift; sourceTree = "<group>"; };
		CA75B66C2AFB7E380014EE24 /* ExportSettingsTab.swift */ = {isa = PBXFileReference; lastKnownFileType = sourcecode.swift; path = ExportSettingsTab.swift; sourceTree = "<group>"; };
		CA75B66E2AFB81930014EE24 /* AppDataExporter.swift */ = {isa = PBXFileReference; lastKnownFileType = sourcecode.swift; path = AppDataExporter.swift; sourceTree = "<group>"; };
		CA75B6702AFBBC890014EE24 /* ExportFile.swift */ = {isa = PBXFileReference; lastKnownFileType = sourcecode.swift; path = ExportFile.swift; sourceTree = "<group>"; };
		CA7E0E202A4B608D000073EB /* AddNewWorkdaySheet.swift */ = {isa = PBXFileReference; lastKnownFileType = sourcecode.swift; path = AddNewWorkdaySheet.swift; sourceTree = "<group>"; };
		CAA1CE0C2AEBB87F00E975B6 /* ReportGenerator.swift */ = {isa = PBXFileReference; lastKnownFileType = sourcecode.swift; path = ReportGenerator.swift; sourceTree = "<group>"; };
		CABE83F02A58601D00B24DCC /* AddTaskPopover.swift */ = {isa = PBXFileReference; lastKnownFileType = sourcecode.swift; path = AddTaskPopover.swift; sourceTree = "<group>"; };
		CABE83F22A58755600B24DCC /* TaskDetailMainInfo.swift */ = {isa = PBXFileReference; lastKnownFileType = sourcecode.swift; path = TaskDetailMainInfo.swift; sourceTree = "<group>"; };
		CADB248B2AEA51B40068DD6D /* EditTaskSheet.swift */ = {isa = PBXFileReference; lastKnownFileType = sourcecode.swift; path = EditTaskSheet.swift; sourceTree = "<group>"; };
		CADB248D2AEA54E90068DD6D /* DateOption.swift */ = {isa = PBXFileReference; lastKnownFileType = sourcecode.swift; path = DateOption.swift; sourceTree = "<group>"; };
		CAFD51AD2A4A080A004318EA /* Workday.swift */ = {isa = PBXFileReference; lastKnownFileType = sourcecode.swift; path = Workday.swift; sourceTree = "<group>"; };
/* End PBXFileReference section */

/* Begin PBXFrameworksBuildPhase section */
		CA2064B72A484F44007BACF4 /* Frameworks */ = {
			isa = PBXFrameworksBuildPhase;
			buildActionMask = 2147483647;
			files = (
			);
			runOnlyForDeploymentPostprocessing = 0;
		};
/* End PBXFrameworksBuildPhase section */

/* Begin PBXGroup section */
		CA088BD42A4A0CE800A59D7C /* Classes */ = {
			isa = PBXGroup;
			children = (
				CAA1CE0C2AEBB87F00E975B6 /* ReportGenerator.swift */,
				CA75B66E2AFB81930014EE24 /* AppDataExporter.swift */,
				CA51F2422AFCCD7B00863E02 /* FocusedValues.swift */,
				CA51F24B2AFD2C3600863E02 /* SuggestionProvider.swift */,
			);
			path = Classes;
			sourceTree = "<group>";
		};
		CA088BD72A4A11B600A59D7C /* Task */ = {
			isa = PBXGroup;
			children = (
				CA088BD82A4A11C600A59D7C /* TaskItem.swift */,
				CABE83F22A58755600B24DCC /* TaskDetailMainInfo.swift */,
				CA51F2492AFD0F1800863E02 /* ComboBox.swift */,
			);
			path = Task;
			sourceTree = "<group>";
		};
		CA2064B12A484F44007BACF4 = {
			isa = PBXGroup;
			children = (
				CA2064BC2A484F44007BACF4 /* mtimelog */,
				CA2064BB2A484F44007BACF4 /* Products */,
			);
			sourceTree = "<group>";
		};
		CA2064BB2A484F44007BACF4 /* Products */ = {
			isa = PBXGroup;
			children = (
				CA2064BA2A484F44007BACF4 /* mtimelog.app */,
			);
			name = Products;
			sourceTree = "<group>";
		};
		CA2064BC2A484F44007BACF4 /* mtimelog */ = {
			isa = PBXGroup;
			children = (
				CA088BD42A4A0CE800A59D7C /* Classes */,
				CA2064CD2A4850C7007BACF4 /* Model */,
				CA2064CC2A4850C0007BACF4 /* Views */,
				CA2064BD2A484F44007BACF4 /* mtimelogApp.swift */,
				CA2064BF2A484F44007BACF4 /* ContentView.swift */,
				CA2064C12A484F45007BACF4 /* Assets.xcassets */,
				CA2064C62A484F45007BACF4 /* mtimelog.entitlements */,
				CA2064C32A484F45007BACF4 /* Preview Content */,
			);
			path = mtimelog;
			sourceTree = "<group>";
		};
		CA2064C32A484F45007BACF4 /* Preview Content */ = {
			isa = PBXGroup;
			children = (
				CA2064C42A484F45007BACF4 /* Preview Assets.xcassets */,
			);
			path = "Preview Content";
			sourceTree = "<group>";
		};
		CA2064CC2A4850C0007BACF4 /* Views */ = {
			isa = PBXGroup;
			children = (
				CA51F2442AFCCE5E00863E02 /* MenuBar */,
				CA598E2A2AE9660F003DD173 /* Settings */,
				CA598E272AE965B7003DD173 /* Windows */,
				CABE83EF2A58600E00B24DCC /* Modal */,
				CA7E0E1F2A4B606E000073EB /* Workday */,
				CA088BD72A4A11B600A59D7C /* Task */,
				CA2064D62A485A88007BACF4 /* MainComponents */,
			);
			path = Views;
			sourceTree = "<group>";
		};
		CA2064CD2A4850C7007BACF4 /* Model */ = {
			isa = PBXGroup;
			children = (
				CA2064D92A485D82007BACF4 /* Task.swift */,
				CAFD51AD2A4A080A004318EA /* Workday.swift */,
				CA088BDA2A4A127600A59D7C /* TaskStatus.swift */,
				CADB248D2AEA54E90068DD6D /* DateOption.swift */,
				CA75B6702AFBBC890014EE24 /* ExportFile.swift */,
			);
			path = Model;
			sourceTree = "<group>";
		};
		CA2064D62A485A88007BACF4 /* MainComponents */ = {
			isa = PBXGroup;
			children = (
				CA2064CE2A485357007BACF4 /* NavigationBar.swift */,
				CA2064D22A485894007BACF4 /* MainTaskList.swift */,
				CA2064D42A4858B8007BACF4 /* TaskDetail.swift */,
			);
			path = MainComponents;
			sourceTree = "<group>";
		};
		CA51F2442AFCCE5E00863E02 /* MenuBar */ = {
			isa = PBXGroup;
			children = (
				CA51F2452AFCCE7F00863E02 /* AddWorkdayMenuBarButton.swift */,
				CA51F2472AFCD16F00863E02 /* AddTaskMenuBarButton.swift */,
			);
			path = MenuBar;
			sourceTree = "<group>";
		};
		CA598E272AE965B7003DD173 /* Windows */ = {
			isa = PBXGroup;
			children = (
				CA598E282AE965D2003DD173 /* SettingsWindow.swift */,
			);
			path = Windows;
			sourceTree = "<group>";
		};
		CA598E2A2AE9660F003DD173 /* Settings */ = {
			isa = PBXGroup;
			children = (
				CA598E2D2AE96633003DD173 /* GeneralSettingsTab.swift */,
				CA75B66C2AFB7E380014EE24 /* ExportSettingsTab.swift */,
			);
			path = Settings;
			sourceTree = "<group>";
		};
		CA7E0E1F2A4B606E000073EB /* Workday */ = {
			isa = PBXGroup;
			children = (
				CA7E0E202A4B608D000073EB /* AddNewWorkdaySheet.swift */,
			);
			path = Workday;
			sourceTree = "<group>";
		};
		CABE83EF2A58600E00B24DCC /* Modal */ = {
			isa = PBXGroup;
			children = (
				CABE83F02A58601D00B24DCC /* AddTaskPopover.swift */,
				CADB248B2AEA51B40068DD6D /* EditTaskSheet.swift */,
			);
			path = Modal;
			sourceTree = "<group>";
		};
/* End PBXGroup section */

/* Begin PBXNativeTarget section */
		CA2064B92A484F44007BACF4 /* mtimelog */ = {
			isa = PBXNativeTarget;
			buildConfigurationList = CA2064C92A484F45007BACF4 /* Build configuration list for PBXNativeTarget "mtimelog" */;
			buildPhases = (
				CA2064B62A484F44007BACF4 /* Sources */,
				CA2064B72A484F44007BACF4 /* Frameworks */,
				CA2064B82A484F44007BACF4 /* Resources */,
			);
			buildRules = (
			);
			dependencies = (
			);
			name = mtimelog;
			productName = mtimelog;
			productReference = CA2064BA2A484F44007BACF4 /* mtimelog.app */;
			productType = "com.apple.product-type.application";
		};
/* End PBXNativeTarget section */

/* Begin PBXProject section */
		CA2064B22A484F44007BACF4 /* Project object */ = {
			isa = PBXProject;
			attributes = {
				BuildIndependentTargetsInParallel = 1;
				LastSwiftUpdateCheck = 1430;
				LastUpgradeCheck = 1500;
				TargetAttributes = {
					CA2064B92A484F44007BACF4 = {
						CreatedOnToolsVersion = 14.3.1;
					};
				};
			};
			buildConfigurationList = CA2064B52A484F44007BACF4 /* Build configuration list for PBXProject "mtimelog" */;
			compatibilityVersion = "Xcode 14.0";
			developmentRegion = en;
			hasScannedForEncodings = 0;
			knownRegions = (
				en,
				Base,
			);
			mainGroup = CA2064B12A484F44007BACF4;
			productRefGroup = CA2064BB2A484F44007BACF4 /* Products */;
			projectDirPath = "";
			projectRoot = "";
			targets = (
				CA2064B92A484F44007BACF4 /* mtimelog */,
			);
		};
/* End PBXProject section */

/* Begin PBXResourcesBuildPhase section */
		CA2064B82A484F44007BACF4 /* Resources */ = {
			isa = PBXResourcesBuildPhase;
			buildActionMask = 2147483647;
			files = (
				CA2064C52A484F45007BACF4 /* Preview Assets.xcassets in Resources */,
				CA2064C22A484F45007BACF4 /* Assets.xcassets in Resources */,
			);
			runOnlyForDeploymentPostprocessing = 0;
		};
/* End PBXResourcesBuildPhase section */

/* Begin PBXSourcesBuildPhase section */
		CA2064B62A484F44007BACF4 /* Sources */ = {
			isa = PBXSourcesBuildPhase;
			buildActionMask = 2147483647;
			files = (
				CA51F2482AFCD16F00863E02 /* AddTaskMenuBarButton.swift in Sources */,
				CA7E0E212A4B608D000073EB /* AddNewWorkdaySheet.swift in Sources */,
				CA51F24A2AFD0F1800863E02 /* ComboBox.swift in Sources */,
				CA598E292AE965D2003DD173 /* SettingsWindow.swift in Sources */,
				CA2064C02A484F44007BACF4 /* ContentView.swift in Sources */,
				CA2064D52A4858B8007BACF4 /* TaskDetail.swift in Sources */,
				CA2064D32A485894007BACF4 /* MainTaskList.swift in Sources */,
				CA2064BE2A484F44007BACF4 /* mtimelogApp.swift in Sources */,
				CA088BD92A4A11C600A59D7C /* TaskItem.swift in Sources */,
				CA75B6712AFBBC8A0014EE24 /* ExportFile.swift in Sources */,
				CA2064DA2A485D82007BACF4 /* Task.swift in Sources */,
				CAA1CE0D2AEBB87F00E975B6 /* ReportGenerator.swift in Sources */,
				CA51F2432AFCCD7B00863E02 /* FocusedValues.swift in Sources */,
				CA598E2E2AE96633003DD173 /* GeneralSettingsTab.swift in Sources */,
				CABE83F12A58601D00B24DCC /* AddTaskPopover.swift in Sources */,
				CA51F24C2AFD2C3600863E02 /* SuggestionProvider.swift in Sources */,
				CA51F2462AFCCE7F00863E02 /* AddWorkdayMenuBarButton.swift in Sources */,
				CA2064CF2A485357007BACF4 /* NavigationBar.swift in Sources */,
				CABE83F32A58755600B24DCC /* TaskDetailMainInfo.swift in Sources */,
				CA75B66F2AFB81930014EE24 /* AppDataExporter.swift in Sources */,
				CADB248C2AEA51B40068DD6D /* EditTaskSheet.swift in Sources */,
				CADB248E2AEA54E90068DD6D /* DateOption.swift in Sources */,
				CA088BDB2A4A127600A59D7C /* TaskStatus.swift in Sources */,
				CA75B66D2AFB7E380014EE24 /* ExportSettingsTab.swift in Sources */,
				CAFD51AE2A4A080A004318EA /* Workday.swift in Sources */,
			);
			runOnlyForDeploymentPostprocessing = 0;
		};
/* End PBXSourcesBuildPhase section */

/* Begin XCBuildConfiguration section */
		CA2064C72A484F45007BACF4 /* Debug */ = {
			isa = XCBuildConfiguration;
			buildSettings = {
				ALWAYS_SEARCH_USER_PATHS = NO;
				CLANG_ANALYZER_NONNULL = YES;
				CLANG_ANALYZER_NUMBER_OBJECT_CONVERSION = YES_AGGRESSIVE;
				CLANG_CXX_LANGUAGE_STANDARD = "gnu++20";
				CLANG_ENABLE_MODULES = YES;
				CLANG_ENABLE_OBJC_ARC = YES;
				CLANG_ENABLE_OBJC_WEAK = YES;
				CLANG_WARN_BLOCK_CAPTURE_AUTORELEASING = YES;
				CLANG_WARN_BOOL_CONVERSION = YES;
				CLANG_WARN_COMMA = YES;
				CLANG_WARN_CONSTANT_CONVERSION = YES;
				CLANG_WARN_DEPRECATED_OBJC_IMPLEMENTATIONS = YES;
				CLANG_WARN_DIRECT_OBJC_ISA_USAGE = YES_ERROR;
				CLANG_WARN_DOCUMENTATION_COMMENTS = YES;
				CLANG_WARN_EMPTY_BODY = YES;
				CLANG_WARN_ENUM_CONVERSION = YES;
				CLANG_WARN_INFINITE_RECURSION = YES;
				CLANG_WARN_INT_CONVERSION = YES;
				CLANG_WARN_NON_LITERAL_NULL_CONVERSION = YES;
				CLANG_WARN_OBJC_IMPLICIT_RETAIN_SELF = YES;
				CLANG_WARN_OBJC_LITERAL_CONVERSION = YES;
				CLANG_WARN_OBJC_ROOT_CLASS = YES_ERROR;
				CLANG_WARN_QUOTED_INCLUDE_IN_FRAMEWORK_HEADER = YES;
				CLANG_WARN_RANGE_LOOP_ANALYSIS = YES;
				CLANG_WARN_STRICT_PROTOTYPES = YES;
				CLANG_WARN_SUSPICIOUS_MOVE = YES;
				CLANG_WARN_UNGUARDED_AVAILABILITY = YES_AGGRESSIVE;
				CLANG_WARN_UNREACHABLE_CODE = YES;
				CLANG_WARN__DUPLICATE_METHOD_MATCH = YES;
				COPY_PHASE_STRIP = NO;
				DEAD_CODE_STRIPPING = YES;
				DEBUG_INFORMATION_FORMAT = dwarf;
				ENABLE_STRICT_OBJC_MSGSEND = YES;
				ENABLE_TESTABILITY = YES;
				ENABLE_USER_SCRIPT_SANDBOXING = YES;
				GCC_C_LANGUAGE_STANDARD = gnu11;
				GCC_DYNAMIC_NO_PIC = NO;
				GCC_NO_COMMON_BLOCKS = YES;
				GCC_OPTIMIZATION_LEVEL = 0;
				GCC_PREPROCESSOR_DEFINITIONS = (
					"DEBUG=1",
					"$(inherited)",
				);
				GCC_WARN_64_TO_32_BIT_CONVERSION = YES;
				GCC_WARN_ABOUT_RETURN_TYPE = YES_ERROR;
				GCC_WARN_UNDECLARED_SELECTOR = YES;
				GCC_WARN_UNINITIALIZED_AUTOS = YES_AGGRESSIVE;
				GCC_WARN_UNUSED_FUNCTION = YES;
				GCC_WARN_UNUSED_VARIABLE = YES;
				MACOSX_DEPLOYMENT_TARGET = 14.0;
				MTL_ENABLE_DEBUG_INFO = INCLUDE_SOURCE;
				MTL_FAST_MATH = YES;
				ONLY_ACTIVE_ARCH = YES;
				SDKROOT = macosx;
				SWIFT_ACTIVE_COMPILATION_CONDITIONS = DEBUG;
				SWIFT_OPTIMIZATION_LEVEL = "-Onone";
			};
			name = Debug;
		};
		CA2064C82A484F45007BACF4 /* Release */ = {
			isa = XCBuildConfiguration;
			buildSettings = {
				ALWAYS_SEARCH_USER_PATHS = NO;
				CLANG_ANALYZER_NONNULL = YES;
				CLANG_ANALYZER_NUMBER_OBJECT_CONVERSION = YES_AGGRESSIVE;
				CLANG_CXX_LANGUAGE_STANDARD = "gnu++20";
				CLANG_ENABLE_MODULES = YES;
				CLANG_ENABLE_OBJC_ARC = YES;
				CLANG_ENABLE_OBJC_WEAK = YES;
				CLANG_WARN_BLOCK_CAPTURE_AUTORELEASING = YES;
				CLANG_WARN_BOOL_CONVERSION = YES;
				CLANG_WARN_COMMA = YES;
				CLANG_WARN_CONSTANT_CONVERSION = YES;
				CLANG_WARN_DEPRECATED_OBJC_IMPLEMENTATIONS = YES;
				CLANG_WARN_DIRECT_OBJC_ISA_USAGE = YES_ERROR;
				CLANG_WARN_DOCUMENTATION_COMMENTS = YES;
				CLANG_WARN_EMPTY_BODY = YES;
				CLANG_WARN_ENUM_CONVERSION = YES;
				CLANG_WARN_INFINITE_RECURSION = YES;
				CLANG_WARN_INT_CONVERSION = YES;
				CLANG_WARN_NON_LITERAL_NULL_CONVERSION = YES;
				CLANG_WARN_OBJC_IMPLICIT_RETAIN_SELF = YES;
				CLANG_WARN_OBJC_LITERAL_CONVERSION = YES;
				CLANG_WARN_OBJC_ROOT_CLASS = YES_ERROR;
				CLANG_WARN_QUOTED_INCLUDE_IN_FRAMEWORK_HEADER = YES;
				CLANG_WARN_RANGE_LOOP_ANALYSIS = YES;
				CLANG_WARN_STRICT_PROTOTYPES = YES;
				CLANG_WARN_SUSPICIOUS_MOVE = YES;
				CLANG_WARN_UNGUARDED_AVAILABILITY = YES_AGGRESSIVE;
				CLANG_WARN_UNREACHABLE_CODE = YES;
				CLANG_WARN__DUPLICATE_METHOD_MATCH = YES;
				COPY_PHASE_STRIP = NO;
				DEAD_CODE_STRIPPING = YES;
				DEBUG_INFORMATION_FORMAT = "dwarf-with-dsym";
				ENABLE_NS_ASSERTIONS = NO;
				ENABLE_STRICT_OBJC_MSGSEND = YES;
				ENABLE_USER_SCRIPT_SANDBOXING = YES;
				GCC_C_LANGUAGE_STANDARD = gnu11;
				GCC_NO_COMMON_BLOCKS = YES;
				GCC_WARN_64_TO_32_BIT_CONVERSION = YES;
				GCC_WARN_ABOUT_RETURN_TYPE = YES_ERROR;
				GCC_WARN_UNDECLARED_SELECTOR = YES;
				GCC_WARN_UNINITIALIZED_AUTOS = YES_AGGRESSIVE;
				GCC_WARN_UNUSED_FUNCTION = YES;
				GCC_WARN_UNUSED_VARIABLE = YES;
				MACOSX_DEPLOYMENT_TARGET = 14.0;
				MTL_ENABLE_DEBUG_INFO = NO;
				MTL_FAST_MATH = YES;
				SDKROOT = macosx;
				SWIFT_COMPILATION_MODE = wholemodule;
				SWIFT_OPTIMIZATION_LEVEL = "-O";
			};
			name = Release;
		};
		CA2064CA2A484F45007BACF4 /* Debug */ = {
			isa = XCBuildConfiguration;
			buildSettings = {
				ASSETCATALOG_COMPILER_APPICON_NAME = AppIcon;
				ASSETCATALOG_COMPILER_GLOBAL_ACCENT_COLOR_NAME = AccentColor;
				CODE_SIGN_ENTITLEMENTS = mtimelog/mtimelog.entitlements;
				CODE_SIGN_STYLE = Automatic;
				COMBINE_HIDPI_IMAGES = YES;
				CURRENT_PROJECT_VERSION = 1;
				DEAD_CODE_STRIPPING = YES;
				DEVELOPMENT_ASSET_PATHS = "\"mtimelog/Preview Content\"";
				DEVELOPMENT_TEAM = 5KD4MUBZ2T;
				ENABLE_HARDENED_RUNTIME = YES;
				ENABLE_PREVIEWS = YES;
				GENERATE_INFOPLIST_FILE = YES;
				INFOPLIST_KEY_CFBundleDisplayName = mtimelog;
				INFOPLIST_KEY_LSApplicationCategoryType = "public.app-category.productivity";
				INFOPLIST_KEY_NSHumanReadableCopyright = "";
				LD_RUNPATH_SEARCH_PATHS = (
					"$(inherited)",
					"@executable_path/../Frameworks",
				);
				MACOSX_DEPLOYMENT_TARGET = 14.0;
				MARKETING_VERSION = 1.0;
				PRODUCT_BUNDLE_IDENTIFIER = de.davidbattefeld.mtimelog;
				PRODUCT_NAME = "$(TARGET_NAME)";
				SWIFT_EMIT_LOC_STRINGS = YES;
				SWIFT_VERSION = 5.0;
			};
			name = Debug;
		};
		CA2064CB2A484F45007BACF4 /* Release */ = {
			isa = XCBuildConfiguration;
			buildSettings = {
				ASSETCATALOG_COMPILER_APPICON_NAME = AppIcon;
				ASSETCATALOG_COMPILER_GLOBAL_ACCENT_COLOR_NAME = AccentColor;
				CODE_SIGN_ENTITLEMENTS = mtimelog/mtimelog.entitlements;
				CODE_SIGN_STYLE = Automatic;
				COMBINE_HIDPI_IMAGES = YES;
				CURRENT_PROJECT_VERSION = 1;
				DEAD_CODE_STRIPPING = YES;
				DEVELOPMENT_ASSET_PATHS = "\"mtimelog/Preview Content\"";
				DEVELOPMENT_TEAM = 5KD4MUBZ2T;
				ENABLE_HARDENED_RUNTIME = YES;
				ENABLE_PREVIEWS = YES;
				GENERATE_INFOPLIST_FILE = YES;
				INFOPLIST_KEY_CFBundleDisplayName = mtimelog;
				INFOPLIST_KEY_LSApplicationCategoryType = "public.app-category.productivity";
				INFOPLIST_KEY_NSHumanReadableCopyright = "";
				LD_RUNPATH_SEARCH_PATHS = (
					"$(inherited)",
					"@executable_path/../Frameworks",
				);
				MACOSX_DEPLOYMENT_TARGET = 14.0;
				MARKETING_VERSION = 1.0;
				PRODUCT_BUNDLE_IDENTIFIER = de.davidbattefeld.mtimelog;
				PRODUCT_NAME = "$(TARGET_NAME)";
				SWIFT_EMIT_LOC_STRINGS = YES;
				SWIFT_VERSION = 5.0;
			};
			name = Release;
		};
/* End XCBuildConfiguration section */

/* Begin XCConfigurationList section */
		CA2064B52A484F44007BACF4 /* Build configuration list for PBXProject "mtimelog" */ = {
			isa = XCConfigurationList;
			buildConfigurations = (
				CA2064C72A484F45007BACF4 /* Debug */,
				CA2064C82A484F45007BACF4 /* Release */,
			);
			defaultConfigurationIsVisible = 0;
			defaultConfigurationName = Release;
		};
		CA2064C92A484F45007BACF4 /* Build configuration list for PBXNativeTarget "mtimelog" */ = {
			isa = XCConfigurationList;
			buildConfigurations = (
				CA2064CA2A484F45007BACF4 /* Debug */,
				CA2064CB2A484F45007BACF4 /* Release */,
			);
			defaultConfigurationIsVisible = 0;
			defaultConfigurationName = Release;
		};
/* End XCConfigurationList section */
	};
	rootObject = CA2064B22A484F44007BACF4 /* Project object */;
}
